
Microsoft Visual Studio Solution File, Format Version 12.00
# Visual Studio Version 16
VisualStudioVersion = 16.0.31424.327
MinimumVisualStudioVersion = 10.0.40219.1
Project("{FAE04EC0-301F-11D3-BF4B-00C04F79EFBC}") = "RansomApp", "RansomApp\RansomApp.csproj", "{58D002C5-FD4B-429F-A1F1-363739F408AD}"
EndProject
Project("{FAE04EC0-301F-11D3-BF4B-00C04F79EFBC}") = "RansomApp.Android", "RansomApp.Android\RansomApp.Android.csproj", "{4E5FC37B-AB17-44A0-8CB4-A3BF779DA9D6}"
EndProject
Global
	GlobalSection(SolutionConfigurationPlatforms) = preSolution
		Debug|Any CPU = Debug|Any CPU
		Release|Any CPU = Release|Any CPU
	EndGlobalSection
	GlobalSection(ProjectConfigurationPlatforms) = postSolution
		{58D002C5-FD4B-429F-A1F1-363739F408AD}.Debug|Any CPU.ActiveCfg = Debug|Any CPU
		{58D002C5-FD4B-429F-A1F1-363739F408AD}.Debug|Any CPU.Build.0 = Debug|Any CPU
		{58D002C5-FD4B-429F-A1F1-363739F408AD}.Release|Any CPU.ActiveCfg = Release|Any CPU
		{58D002C5-FD4B-429F-A1F1-363739F408AD}.Release|Any CPU.Build.0 = Release|Any CPU
		{4E5FC37B-AB17-44A0-8CB4-A3BF779DA9D6}.Debug|Any CPU.ActiveCfg = Debug|Any CPU
		{4E5FC37B-AB17-44A0-8CB4-A3BF779DA9D6}.Debug|Any CPU.Build.0 = Debug|Any CPU
		{4E5FC37B-AB17-44A0-8CB4-A3BF779DA9D6}.Debug|Any CPU.Deploy.0 = Debug|Any CPU
		{4E5FC37B-AB17-44A0-8CB4-A3BF779DA9D6}.Release|Any CPU.ActiveCfg = Release|Any CPU
		{4E5FC37B-AB17-44A0-8CB4-A3BF779DA9D6}.Release|Any CPU.Build.0 = Release|Any CPU
		{4E5FC37B-AB17-44A0-8CB4-A3BF779DA9D6}.Release|Any CPU.Deploy.0 = Release|Any CPU
	EndGlobalSection
	GlobalSection(SolutionProperties) = preSolution
		HideSolutionNode = FALSE
	EndGlobalSection
	GlobalSection(ExtensibilityGlobals) = postSolution
		SolutionGuid = {A0DAF738-36C7-4467-B66F-96ED2C6F133D}
	EndGlobalSection
EndGlobal
